<?xml version="1.0" encoding="utf-8"?>
<Project ToolsVersion="4.0" xmlns="http://schemas.microsoft.com/developer/msbuild/2003">
  <ItemGroup>
    <Filter Include="Source Files">
      <UniqueIdentifier>{4FC737F1-C7A5-4376-A066-2A32D752A2FF}</UniqueIdentifier>
      <Extensions>cpp;c;cc;cxx;def;odl;idl;hpj;bat;asm;asmx</Extensions>
    </Filter>
    <Filter Include="Header Files">
      <UniqueIdentifier>{93995380-89BD-4b04-88EB-625FBE52EBFB}</UniqueIdentifier>
      <Extensions>h;hh;hpp;hxx;hm;inl;inc;xsd</Extensions>
    </Filter>
    <Filter Include="Resource Files">
      <UniqueIdentifier>{67DA6AB6-F800-4c08-8B7A-83BB121AAD01}</UniqueIdentifier>
      <Extensions>rc;ico;cur;bmp;dlg;rc2;rct;bin;rgs;gif;jpg;jpeg;jpe;resx;tiff;tif;png;wav;mfcribbon-ms</Extensions>
    </Filter>
    <Filter Include="Shaders">
      <UniqueIdentifier>{6e273001-6e02-4365-9ba5-fc85dfe413e1}</UniqueIdentifier>
    </Filter>
    <Filter Include="Shaders\Fragment">
      <UniqueIdentifier>{7b9de38f-e1fc-437f-bc37-465aeb7325dd}</UniqueIdentifier>
    </Filter>
    <Filter Include="Shaders\Vertex">
      <UniqueIdentifier>{5883602f-fa5a-4078-8262-bc86011fa1b6}</UniqueIdentifier>
    </Filter>
  </ItemGroup>
  <ItemGroup>
    <ClCompile Include="Main.cpp">
      <Filter>Source Files</Filter>
    </ClCompile>
    <ClCompile Include="Application.cpp">
      <Filter>Source Files</Filter>
    </ClCompile>
    <ClCompile Include="Shader.cpp">
      <Filter>Source Files</Filter>
    </ClCompile>
    <ClCompile Include="Scene.cpp">
      <Filter>Source Files</Filter>
    </ClCompile>
    <ClCompile Include="ShaderLoader.cpp">
      <Filter>Source Files</Filter>
    </ClCompile>
    <ClCompile Include="Object.cpp">
      <Filter>Source Files</Filter>
    </ClCompile>
    <ClCompile Include="Transformation.cpp">
      <Filter>Source Files</Filter>
    </ClCompile>
    <ClCompile Include="Camera.cpp">
      <Filter>Source Files</Filter>
    </ClCompile>
    <ClCompile Include="Light.cpp">
      <Filter>Source Files</Filter>
    </ClCompile>
    <ClCompile Include="TextureLoader.cpp">
      <Filter>Source Files</Filter>
    </ClCompile>
    <ClCompile Include="ModelLoader.cpp">
      <Filter>Source Files</Filter>
    </ClCompile>
    <ClCompile Include="SceneFactory.cpp">
      <Filter>Source Files</Filter>
    </ClCompile>
    <ClCompile Include="GameController.cpp">
      <Filter>Source Files</Filter>
    </ClCompile>
    <ClCompile Include="LoadedObject.cpp">
      <Filter>Source Files</Filter>
    </ClCompile>
    <ClCompile Include="PlainObject.cpp">
      <Filter>Source Files</Filter>
    </ClCompile>
  </ItemGroup>
  <ItemGroup>
    <None Include="packages.config" />
    <None Include="ClassDiagram1.cd" />
    <None Include="Shaders\Vertex\VertexShader.glsl">
      <Filter>Shaders\Vertex</Filter>
    </None>
    <None Include="Shaders\Fragment\FragmentShader.glsl">
      <Filter>Shaders\Fragment</Filter>
    </None>
    <None Include="Shaders\Fragment\CubeMap.glsl">
      <Filter>Shaders\Fragment</Filter>
    </None>
    <None Include="Shaders\Vertex\CubeMap.glsl">
      <Filter>Shaders\Vertex</Filter>
    </None>
  </ItemGroup>
  <ItemGroup>
    <ClInclude Include="Application.h">
      <Filter>Header Files</Filter>
    </ClInclude>
    <ClInclude Include="Shader.h">
      <Filter>Header Files</Filter>
    </ClInclude>
    <ClInclude Include="Scene.h">
      <Filter>Header Files</Filter>
    </ClInclude>
    <ClInclude Include="ShaderLoader.h">
      <Filter>Header Files</Filter>
    </ClInclude>
    <ClInclude Include="Object.h">
      <Filter>Header Files</Filter>
    </ClInclude>
    <ClInclude Include="Transformation.h">
      <Filter>Header Files</Filter>
    </ClInclude>
    <ClInclude Include="Camera.h">
      <Filter>Header Files</Filter>
    </ClInclude>
    <ClInclude Include="ISubject.h">
      <Filter>Header Files</Filter>
    </ClInclude>
    <ClInclude Include="IObserver.h">
      <Filter>Header Files</Filter>
    </ClInclude>
    <ClInclude Include="Light.h">
      <Filter>Header Files</Filter>
    </ClInclude>
    <ClInclude Include="Sphere.h">
      <Filter>Header Files</Filter>
    </ClInclude>
    <ClInclude Include="SuziFlat.h">
      <Filter>Header Files</Filter>
    </ClInclude>
    <ClInclude Include="SuziSmooth.h">
      <Filter>Header Files</Filter>
    </ClInclude>
    <ClInclude Include="Plain.h">
      <Filter>Header Files</Filter>
    </ClInclude>
    <ClInclude Include="TextureLoader.h">
      <Filter>Header Files</Filter>
    </ClInclude>
    <ClInclude Include="ModelLoader.h">
      <Filter>Header Files</Filter>
    </ClInclude>
    <ClInclude Include="SceneFactory.h">
      <Filter>Header Files</Filter>
    </ClInclude>
    <ClInclude Include="GameController.h">
      <Filter>Header Files</Filter>
    </ClInclude>
    <ClInclude Include="LoadedObject.h">
      <Filter>Header Files</Filter>
    </ClInclude>
    <ClInclude Include="Transformable.h">
      <Filter>Header Files</Filter>
    </ClInclude>
    <ClInclude Include="Updatable.h">
      <Filter>Header Files</Filter>
    </ClInclude>
    <ClInclude Include="IRenderable.h">
      <Filter>Header Files</Filter>
    </ClInclude>
    <ClInclude Include="IUpdatable.h">
      <Filter>Header Files</Filter>
    </ClInclude>
    <ClInclude Include="PlainObject.h">
      <Filter>Header Files</Filter>
    </ClInclude>
  </ItemGroup>
</Project>